
Microsoft Visual Studio Solution File, Format Version 12.00
# Visual Studio 15
VisualStudioVersion = 15.0.28010.0
MinimumVisualStudioVersion = 10.0.40219.1
Project("{FAE04EC0-301F-11D3-BF4B-00C04F79EFBC}") = "Assessment", "Assessment\Assessment.csproj", "{176B0D53-197B-4AB7-A3E2-E7D5108F063D}"
EndProject
Global
	GlobalSection(SolutionConfigurationPlatforms) = preSolution
		Debug|Any CPU = Debug|Any CPU
		Release|Any CPU = Release|Any CPU
	EndGlobalSection
	GlobalSection(ProjectConfigurationPlatforms) = postSolution
		{176B0D53-197B-4AB7-A3E2-E7D5108F063D}.Debug|Any CPU.ActiveCfg = Debug|Any CPU
		{176B0D53-197B-4AB7-A3E2-E7D5108F063D}.Debug|Any CPU.Build.0 = Debug|Any CPU
		{176B0D53-197B-4AB7-A3E2-E7D5108F063D}.Release|Any CPU.ActiveCfg = Release|Any CPU
		{176B0D53-197B-4AB7-A3E2-E7D5108F063D}.Release|Any CPU.Build.0 = Release|Any CPU
	EndGlobalSection
	GlobalSection(SolutionProperties) = preSolution
		HideSolutionNode = FALSE
	EndGlobalSection
	GlobalSection(ExtensibilityGlobals) = postSolution
		SolutionGuid = {1D00F78B-6A06-4563-8197-9DB8AAC24ED8}
	EndGlobalSection
EndGlobal
